
Microsoft Visual Studio Solution File, Format Version 12.00
# Visual Studio Version 17
VisualStudioVersion = 17.14.36401.2 d17.14
MinimumVisualStudioVersion = 10.0.40219.1
Project("{FAE04EC0-301F-11D3-BF4B-00C04F79EFBC}") = "PRN232.LMS.API", "PRN232.LMS.API\PRN232.LMS.API.csproj", "{0EEED23D-960D-48B9-9F63-20E60C8BA07A}"
EndProject
Project("{FAE04EC0-301F-11D3-BF4B-00C04F79EFBC}") = "PRN232.LMS.Services", "PRN232.LMS.Services\PRN232.LMS.Services.csproj", "{8F3510AD-32FE-40DB-8996-108CA62FEADA}"
EndProject
Project("{FAE04EC0-301F-11D3-BF4B-00C04F79EFBC}") = "PRN232.LMS.Repositories", "PRN232.LMS.Repositories\PRN232.LMS.Repositories.csproj", "{3F1CF57E-9E45-4EFF-A6B0-27D637849602}"
EndProject
Global
	GlobalSection(SolutionConfigurationPlatforms) = preSolution
		Debug|Any CPU = Debug|Any CPU
		Release|Any CPU = Release|Any CPU
	EndGlobalSection
	GlobalSection(ProjectConfigurationPlatforms) = postSolution
		{0EEED23D-960D-48B9-9F63-20E60C8BA07A}.Debug|Any CPU.ActiveCfg = Debug|Any CPU
		{0EEED23D-960D-48B9-9F63-20E60C8BA07A}.Debug|Any CPU.Build.0 = Debug|Any CPU
		{0EEED23D-960D-48B9-9F63-20E60C8BA07A}.Release|Any CPU.ActiveCfg = Release|Any CPU
		{0EEED23D-960D-48B9-9F63-20E60C8BA07A}.Release|Any CPU.Build.0 = Release|Any CPU
		{8F3510AD-32FE-40DB-8996-108CA62FEADA}.Debug|Any CPU.ActiveCfg = Debug|Any CPU
		{8F3510AD-32FE-40DB-8996-108CA62FEADA}.Debug|Any CPU.Build.0 = Debug|Any CPU
		{8F3510AD-32FE-40DB-8996-108CA62FEADA}.Release|Any CPU.ActiveCfg = Release|Any CPU
		{8F3510AD-32FE-40DB-8996-108CA62FEADA}.Release|Any CPU.Build.0 = Release|Any CPU
		{3F1CF57E-9E45-4EFF-A6B0-27D637849602}.Debug|Any CPU.ActiveCfg = Debug|Any CPU
		{3F1CF57E-9E45-4EFF-A6B0-27D637849602}.Debug|Any CPU.Build.0 = Debug|Any CPU
		{3F1CF57E-9E45-4EFF-A6B0-27D637849602}.Release|Any CPU.ActiveCfg = Release|Any CPU
		{3F1CF57E-9E45-4EFF-A6B0-27D637849602}.Release|Any CPU.Build.0 = Release|Any CPU
	EndGlobalSection
	GlobalSection(SolutionProperties) = preSolution
		HideSolutionNode = FALSE
	EndGlobalSection
	GlobalSection(ExtensibilityGlobals) = postSolution
		SolutionGuid = {73BC9255-C799-4A23-9050-E460AB7909D1}
	EndGlobalSection
EndGlobal
